
Microsoft Visual Studio Solution File, Format Version 12.00
# Visual Studio 14
VisualStudioVersion = 14.0.24720.0
MinimumVisualStudioVersion = 10.0.40219.1
Project("{FAE04EC0-301F-11D3-BF4B-00C04F79EFBC}") = "BACnetNetduino", "BACnetNetduino\BACnetNetduino.csproj", "{2284E1BD-6560-4A8F-B710-040C8591273A}"
EndProject
Project("{FAE04EC0-301F-11D3-BF4B-00C04F79EFBC}") = "BACnetDataTypes", "BACnetDataTypes\BACnetDataTypes.csproj", "{21AE8FA7-11B6-4CA4-9C74-226D2123A504}"
EndProject
Project("{FAE04EC0-301F-11D3-BF4B-00C04F79EFBC}") = "BACnetServices", "BACnetServices\BACnetServices.csproj", "{CEC7FA9E-F003-4D4A-A042-6F894C55202B}"
EndProject
Project("{FAE04EC0-301F-11D3-BF4B-00C04F79EFBC}") = "BACnetNetwork", "BACnetNetwork\BACnetNetwork.csproj", "{614335CF-009F-4A97-88A4-B75EECABE475}"
EndProject
Global
	GlobalSection(SolutionConfigurationPlatforms) = preSolution
		Debug|Any CPU = Debug|Any CPU
		Release|Any CPU = Release|Any CPU
	EndGlobalSection
	GlobalSection(ProjectConfigurationPlatforms) = postSolution
		{2284E1BD-6560-4A8F-B710-040C8591273A}.Debug|Any CPU.ActiveCfg = Debug|Any CPU
		{2284E1BD-6560-4A8F-B710-040C8591273A}.Debug|Any CPU.Build.0 = Debug|Any CPU
		{2284E1BD-6560-4A8F-B710-040C8591273A}.Debug|Any CPU.Deploy.0 = Debug|Any CPU
		{2284E1BD-6560-4A8F-B710-040C8591273A}.Release|Any CPU.ActiveCfg = Release|Any CPU
		{2284E1BD-6560-4A8F-B710-040C8591273A}.Release|Any CPU.Build.0 = Release|Any CPU
		{2284E1BD-6560-4A8F-B710-040C8591273A}.Release|Any CPU.Deploy.0 = Release|Any CPU
		{21AE8FA7-11B6-4CA4-9C74-226D2123A504}.Debug|Any CPU.ActiveCfg = Debug|Any CPU
		{21AE8FA7-11B6-4CA4-9C74-226D2123A504}.Debug|Any CPU.Build.0 = Debug|Any CPU
		{21AE8FA7-11B6-4CA4-9C74-226D2123A504}.Release|Any CPU.ActiveCfg = Release|Any CPU
		{21AE8FA7-11B6-4CA4-9C74-226D2123A504}.Release|Any CPU.Build.0 = Release|Any CPU
		{CEC7FA9E-F003-4D4A-A042-6F894C55202B}.Debug|Any CPU.ActiveCfg = Debug|Any CPU
		{CEC7FA9E-F003-4D4A-A042-6F894C55202B}.Debug|Any CPU.Build.0 = Debug|Any CPU
		{CEC7FA9E-F003-4D4A-A042-6F894C55202B}.Release|Any CPU.ActiveCfg = Release|Any CPU
		{CEC7FA9E-F003-4D4A-A042-6F894C55202B}.Release|Any CPU.Build.0 = Release|Any CPU
		{614335CF-009F-4A97-88A4-B75EECABE475}.Debug|Any CPU.ActiveCfg = Debug|Any CPU
		{614335CF-009F-4A97-88A4-B75EECABE475}.Debug|Any CPU.Build.0 = Debug|Any CPU
		{614335CF-009F-4A97-88A4-B75EECABE475}.Release|Any CPU.ActiveCfg = Release|Any CPU
		{614335CF-009F-4A97-88A4-B75EECABE475}.Release|Any CPU.Build.0 = Release|Any CPU
	EndGlobalSection
	GlobalSection(SolutionProperties) = preSolution
		HideSolutionNode = FALSE
	EndGlobalSection
	GlobalSection(TeamFoundationVersionControl) = preSolution
		SccNumberOfProjects = 5
		SccEnterpriseProvider = {4CA58AB2-18FA-4F8D-95D4-32DDF27D184C}
		SccTeamFoundationServer = https://matyasrichter.visualstudio.com/defaultcollection
		SccLocalPath0 = .
		SccProjectUniqueName1 = BACnetNetduino\\BACnetNetduino.csproj
		SccProjectName1 = BACnetNetduino
		SccLocalPath1 = BACnetNetduino
		SccProjectUniqueName2 = BACnetDataTypes\\BACnetDataTypes.csproj
		SccProjectName2 = BACnetDataTypes
		SccLocalPath2 = BACnetDataTypes
		SccProjectUniqueName3 = BACnetServices\\BACnetServices.csproj
		SccProjectName3 = BACnetServices
		SccLocalPath3 = BACnetServices
		SccProjectUniqueName4 = BACnetNetwork\\BACnetNetwork.csproj
		SccProjectName4 = BACnetNetwork
		SccLocalPath4 = BACnetNetwork
	EndGlobalSection
EndGlobal
